
Microsoft Visual Studio Solution File, Format Version 12.00
# Visual Studio 15
VisualStudioVersion = 15.0.27703.2035
MinimumVisualStudioVersion = 10.0.40219.1
Project("{FAE04EC0-301F-11D3-BF4B-00C04F79EFBC}") = "ProjectA", "ProjectA\ProjectA.csproj", "{57BEC49A-0F53-46D7-B7F6-1DD5152E5C8B}"
EndProject
Global
	GlobalSection(SolutionConfigurationPlatforms) = preSolution
		Debug|Any CPU = Debug|Any CPU
		Release|Any CPU = Release|Any CPU
	EndGlobalSection
	GlobalSection(ProjectConfigurationPlatforms) = postSolution
		{57BEC49A-0F53-46D7-B7F6-1DD5152E5C8B}.Debug|Any CPU.ActiveCfg = Debug|Any CPU
		{57BEC49A-0F53-46D7-B7F6-1DD5152E5C8B}.Debug|Any CPU.Build.0 = Debug|Any CPU
		{57BEC49A-0F53-46D7-B7F6-1DD5152E5C8B}.Release|Any CPU.ActiveCfg = Release|Any CPU
		{57BEC49A-0F53-46D7-B7F6-1DD5152E5C8B}.Release|Any CPU.Build.0 = Release|Any CPU
	EndGlobalSection
	GlobalSection(SolutionProperties) = preSolution
		HideSolutionNode = FALSE
	EndGlobalSection
	GlobalSection(ExtensibilityGlobals) = postSolution
		SolutionGuid = {279A6305-E18F-47A0-8099-BE1BBF62E6D2}
	EndGlobalSection
EndGlobal
