
Microsoft Visual Studio Solution File, Format Version 12.00
# Visual Studio Version 17
VisualStudioVersion = 17.10.34928.147
MinimumVisualStudioVersion = 10.0.40219.1
Project("{2150E333-8FDC-42A3-9474-1A3956D46DE8}") = ".sln", ".sln", "{2E8205F7-E31F-44D0-9203-D0347DB7F239}"
	ProjectSection(SolutionItems) = preProject
		Directory.Build.props = Directory.Build.props
		Unit.Testing.props = Unit.Testing.props
	EndProjectSection
EndProject
Project("{2150E333-8FDC-42A3-9474-1A3956D46DE8}") = "src", "src", "{52AA40F1-000A-4564-A495-D6154917F3C1}"
EndProject
Project("{2150E333-8FDC-42A3-9474-1A3956D46DE8}") = "tests", "tests", "{A886EE03-D3EC-408B-80E0-FA21ECF1927B}"
EndProject
Project("{9A19103F-16F7-4668-BE54-9A1E7A4F7556}") = "BumpAssemblyVersions", "BumpAssemblyVersions\BumpAssemblyVersions.csproj", "{06F8C231-D48B-4D3D-91B1-27A8106B5014}"
EndProject
Project("{9A19103F-16F7-4668-BE54-9A1E7A4F7556}") = "Test.BumpAssemblyVersions", "Test.BumpAssemblyVersions\Test.BumpAssemblyVersions.csproj", "{BACEFD07-7014-4251-A706-BF97683E64D5}"
EndProject
Project("{2150E333-8FDC-42A3-9474-1A3956D46DE8}") = ".parent", ".parent", "{DA78EB12-8B31-4519-A03B-7A40742FBF12}"
	ProjectSection(SolutionItems) = preProject
		..\.gitignore = ..\.gitignore
		..\LICENSE = ..\LICENSE
		..\Licensing.props = ..\Licensing.props
		..\README.md = ..\README.md
	EndProjectSection
EndProject
Project("{2150E333-8FDC-42A3-9474-1A3956D46DE8}") = ".nuget", ".nuget", "{A744A4E5-87EF-4508-9B69-B5C8FEB6327E}"
	ProjectSection(SolutionItems) = preProject
		NuGet.Config = NuGet.Config
		tools\NuGet\publish.cmd = tools\NuGet\publish.cmd
	EndProjectSection
EndProject
Global
	GlobalSection(SolutionConfigurationPlatforms) = preSolution
		Debug|Any CPU = Debug|Any CPU
		Release|Any CPU = Release|Any CPU
	EndGlobalSection
	GlobalSection(ProjectConfigurationPlatforms) = postSolution
		{06F8C231-D48B-4D3D-91B1-27A8106B5014}.Debug|Any CPU.ActiveCfg = Debug|Any CPU
		{06F8C231-D48B-4D3D-91B1-27A8106B5014}.Debug|Any CPU.Build.0 = Debug|Any CPU
		{06F8C231-D48B-4D3D-91B1-27A8106B5014}.Release|Any CPU.ActiveCfg = Release|Any CPU
		{06F8C231-D48B-4D3D-91B1-27A8106B5014}.Release|Any CPU.Build.0 = Release|Any CPU
		{BACEFD07-7014-4251-A706-BF97683E64D5}.Debug|Any CPU.ActiveCfg = Debug|Any CPU
		{BACEFD07-7014-4251-A706-BF97683E64D5}.Debug|Any CPU.Build.0 = Debug|Any CPU
		{BACEFD07-7014-4251-A706-BF97683E64D5}.Release|Any CPU.ActiveCfg = Release|Any CPU
	EndGlobalSection
	GlobalSection(SolutionProperties) = preSolution
		HideSolutionNode = FALSE
	EndGlobalSection
	GlobalSection(NestedProjects) = preSolution
		{06F8C231-D48B-4D3D-91B1-27A8106B5014} = {52AA40F1-000A-4564-A495-D6154917F3C1}
		{BACEFD07-7014-4251-A706-BF97683E64D5} = {A886EE03-D3EC-408B-80E0-FA21ECF1927B}
		{DA78EB12-8B31-4519-A03B-7A40742FBF12} = {2E8205F7-E31F-44D0-9203-D0347DB7F239}
	EndGlobalSection
	GlobalSection(ExtensibilityGlobals) = postSolution
		SolutionGuid = {49CFE172-BD59-4C4E-9AB0-F32BCE43CAB9}
	EndGlobalSection
EndGlobal
